Microsoft Visual Studio Solution File, Format Version 11.00
# Visual Studio 2008

Project("{283DC7BD-2C04-8C3F-8311-90E3C7196341}") = "VRPresidents", "Assembly-CSharp.csproj", "{6574D0D4-307A-CE66-DB8F-485F13C5E6FC}"
EndProject
Project("{283DC7BD-2C04-8C3F-8311-90E3C7196341}") = "VRPresidents", "Assembly-CSharp-Editor.csproj", "{30688E99-9177-327C-2099-A755AE2A1647}"
EndProject
Global
	GlobalSection(SolutionConfigurationPlatforms) = preSolution
		Debug|Any CPU = Debug|Any CPU
		Release|Any CPU = Release|Any CPU
	EndGlobalSection
	GlobalSection(ProjectConfigurationPlatforms) = postSolution
		{6574D0D4-307A-CE66-DB8F-485F13C5E6FC}.Debug|Any CPU.ActiveCfg = Debug|Any CPU
		{6574D0D4-307A-CE66-DB8F-485F13C5E6FC}.Debug|Any CPU.Build.0 = Debug|Any CPU
		{6574D0D4-307A-CE66-DB8F-485F13C5E6FC}.Release|Any CPU.ActiveCfg = Release|Any CPU
		{6574D0D4-307A-CE66-DB8F-485F13C5E6FC}.Release|Any CPU.Build.0 = Release|Any CPU
		{30688E99-9177-327C-2099-A755AE2A1647}.Debug|Any CPU.ActiveCfg = Debug|Any CPU
		{30688E99-9177-327C-2099-A755AE2A1647}.Debug|Any CPU.Build.0 = Debug|Any CPU
		{30688E99-9177-327C-2099-A755AE2A1647}.Release|Any CPU.ActiveCfg = Release|Any CPU
		{30688E99-9177-327C-2099-A755AE2A1647}.Release|Any CPU.Build.0 = Release|Any CPU
	EndGlobalSection
	GlobalSection(SolutionProperties) = preSolution
		HideSolutionNode = FALSE
	EndGlobalSection
	GlobalSection(MonoDevelopProperties) = preSolution
		StartupItem = Assembly-CSharp.csproj
	EndGlobalSection
EndGlobal
